<?xml version="1.0" encoding="utf-8"?>
<Project ToolsVersion="4.0" xmlns="http://schemas.microsoft.com/developer/msbuild/2003">
  <ItemGroup>
    <ClCompile Include="Main.cpp" />
    <ClCompile Include="Demo\TestActor.cpp" />
    <ClCompile Include="Level\SokobanLevel.cpp" />
    <ClCompile Include="Actor\Player.cpp" />
    <ClCompile Include="Actor\Wall.cpp" />
    <ClCompile Include="Actor\Ground.cpp" />
    <ClCompile Include="Actor\Box.cpp" />
    <ClCompile Include="Actor\Target.cpp" />
    <ClCompile Include="Demo\DemoLevel.cpp" />
  </ItemGroup>
  <ItemGroup>
    <ClInclude Include="Demo\DemoLevel.h" />
    <ClInclude Include="Demo\TestActor.h" />
    <ClInclude Include="Level\SokobanLevel.h" />
    <ClInclude Include="Actor\Player.h" />
    <ClInclude Include="Actor\Wall.h" />
    <ClInclude Include="Actor\Ground.h" />
    <ClInclude Include="Actor\Box.h" />
    <ClInclude Include="Actor\Target.h" />
  </ItemGroup>
</Project>