
Microsoft Visual Studio Solution File, Format Version 12.00
# Visual Studio Version 17
VisualStudioVersion = 17.14.36301.6
MinimumVisualStudioVersion = 10.0.40219.1
Project("{8BC9CEB8-8B4A-11D0-8D11-00A0C91BC942}") = "Engine", "Engine\Engine.vcxproj", "{D02B1CAC-5CDC-448A-8861-66281A4F646B}"
EndProject
Project("{8BC9CEB8-8B4A-11D0-8D11-00A0C91BC942}") = "Game", "Game\Game.vcxproj", "{00EA4C28-E063-4F13-9B0F-CC85D5FB0A52}"
EndProject
Global
	GlobalSection(SolutionConfigurationPlatforms) = preSolution
		Debug|x64 = Debug|x64
		Debug|x86 = Debug|x86
		Release|x64 = Release|x64
		Release|x86 = Release|x86
	EndGlobalSection
	GlobalSection(ProjectConfigurationPlatforms) = postSolution
		{D02B1CAC-5CDC-448A-8861-66281A4F646B}.Debug|x64.ActiveCfg = Debug|x64
		{D02B1CAC-5CDC-448A-8861-66281A4F646B}.Debug|x64.Build.0 = Debug|x64
		{D02B1CAC-5CDC-448A-8861-66281A4F646B}.Debug|x86.ActiveCfg = Debug|Win32
		{D02B1CAC-5CDC-448A-8861-66281A4F646B}.Debug|x86.Build.0 = Debug|Win32
		{D02B1CAC-5CDC-448A-8861-66281A4F646B}.Release|x64.ActiveCfg = Release|x64
		{D02B1CAC-5CDC-448A-8861-66281A4F646B}.Release|x64.Build.0 = Release|x64
		{D02B1CAC-5CDC-448A-8861-66281A4F646B}.Release|x86.ActiveCfg = Release|Win32
		{D02B1CAC-5CDC-448A-8861-66281A4F646B}.Release|x86.Build.0 = Release|Win32
		{00EA4C28-E063-4F13-9B0F-CC85D5FB0A52}.Debug|x64.ActiveCfg = Debug|x64
		{00EA4C28-E063-4F13-9B0F-CC85D5FB0A52}.Debug|x64.Build.0 = Debug|x64
		{00EA4C28-E063-4F13-9B0F-CC85D5FB0A52}.Debug|x86.ActiveCfg = Debug|Win32
		{00EA4C28-E063-4F13-9B0F-CC85D5FB0A52}.Debug|x86.Build.0 = Debug|Win32
		{00EA4C28-E063-4F13-9B0F-CC85D5FB0A52}.Release|x64.ActiveCfg = Release|x64
		{00EA4C28-E063-4F13-9B0F-CC85D5FB0A52}.Release|x64.Build.0 = Release|x64
		{00EA4C28-E063-4F13-9B0F-CC85D5FB0A52}.Release|x86.ActiveCfg = Release|Win32
		{00EA4C28-E063-4F13-9B0F-CC85D5FB0A52}.Release|x86.Build.0 = Release|Win32
	EndGlobalSection
	GlobalSection(SolutionProperties) = preSolution
		HideSolutionNode = FALSE
	EndGlobalSection
	GlobalSection(ExtensibilityGlobals) = postSolution
		SolutionGuid = {5F532FF2-A65E-4434-8E2C-D748CFE025DA}
	EndGlobalSection
EndGlobal
